
Microsoft Visual Studio Solution File, Format Version 12.00
# Visual Studio Version 16
VisualStudioVersion = 16.0.30204.135
MinimumVisualStudioVersion = 10.0.40219.1
Project("{9A19103F-16F7-4668-BE54-9A1E7A4F7556}") = "PieShop.Web", "PieShop.Web\PieShop.Web.csproj", "{584CD98A-D461-49A0-906E-2F062FCF2C39}"
EndProject
Global
	GlobalSection(SolutionConfigurationPlatforms) = preSolution
		Debug|Any CPU = Debug|Any CPU
		Release|Any CPU = Release|Any CPU
	EndGlobalSection
	GlobalSection(ProjectConfigurationPlatforms) = postSolution
		{584CD98A-D461-49A0-906E-2F062FCF2C39}.Debug|Any CPU.ActiveCfg = Debug|Any CPU
		{584CD98A-D461-49A0-906E-2F062FCF2C39}.Debug|Any CPU.Build.0 = Debug|Any CPU
		{584CD98A-D461-49A0-906E-2F062FCF2C39}.Release|Any CPU.ActiveCfg = Release|Any CPU
		{584CD98A-D461-49A0-906E-2F062FCF2C39}.Release|Any CPU.Build.0 = Release|Any CPU
	EndGlobalSection
	GlobalSection(SolutionProperties) = preSolution
		HideSolutionNode = FALSE
	EndGlobalSection
	GlobalSection(ExtensibilityGlobals) = postSolution
		SolutionGuid = {C5111ABC-5E13-46AC-BDB6-B6C0C9A0BDFC}
	EndGlobalSection
EndGlobal
